
Microsoft Visual Studio Solution File, Format Version 12.00
# Visual Studio Version 17
VisualStudioVersion = 17.8.34525.116
MinimumVisualStudioVersion = 10.0.40219.1
Project("{FAE04EC0-301F-11D3-BF4B-00C04F79EFBC}") = "Proje_SQL_DB", "Proje_SQL_DB\Proje_SQL_DB.csproj", "{48EC2110-7F42-49EE-9018-8311DCEDE82E}"
EndProject
Global
	GlobalSection(SolutionConfigurationPlatforms) = preSolution
		Debug|Any CPU = Debug|Any CPU
		Release|Any CPU = Release|Any CPU
	EndGlobalSection
	GlobalSection(ProjectConfigurationPlatforms) = postSolution
		{48EC2110-7F42-49EE-9018-8311DCEDE82E}.Debug|Any CPU.ActiveCfg = Debug|Any CPU
		{48EC2110-7F42-49EE-9018-8311DCEDE82E}.Debug|Any CPU.Build.0 = Debug|Any CPU
		{48EC2110-7F42-49EE-9018-8311DCEDE82E}.Release|Any CPU.ActiveCfg = Release|Any CPU
		{48EC2110-7F42-49EE-9018-8311DCEDE82E}.Release|Any CPU.Build.0 = Release|Any CPU
	EndGlobalSection
	GlobalSection(SolutionProperties) = preSolution
		HideSolutionNode = FALSE
	EndGlobalSection
	GlobalSection(ExtensibilityGlobals) = postSolution
		SolutionGuid = {771FBCB1-F1A5-4E24-86D3-85A3B2AC53AB}
	EndGlobalSection
EndGlobal
